
Microsoft Visual Studio Solution File, Format Version 12.00
# Visual Studio 2012
Project("{FAE04EC0-301F-11D3-BF4B-00C04F79EFBC}") = "NDexed.Domain", "NDexed.Domain\NDexed.Domain.csproj", "{1619D0B4-5540-4604-A333-BF23BFC0A94D}"
EndProject
Project("{FAE04EC0-301F-11D3-BF4B-00C04F79EFBC}") = "NDexed.DataAccess", "NDexed.DataAccess\NDexed.DataAccess.csproj", "{FD4E874F-6418-4F8C-A17D-9635750F6636}"
EndProject
Project("{FAE04EC0-301F-11D3-BF4B-00C04F79EFBC}") = "NDexed.Rest", "NDexed.Rest\NDexed.Rest.csproj", "{155256D9-2388-45A2-BF14-98F0A92EC98F}"
EndProject
Project("{2150E333-8FDC-42A3-9474-1A3956D46DE8}") = "Tests", "Tests", "{A280B551-7F11-436F-91BD-69704A338C1C}"
EndProject
Project("{FAE04EC0-301F-11D3-BF4B-00C04F79EFBC}") = "NDexed.Messaging", "NDexed.Messaging\NDexed.Messaging.csproj", "{EE910574-C3A6-499E-B104-9933AB6D55BB}"
EndProject
Project("{FAE04EC0-301F-11D3-BF4B-00C04F79EFBC}") = "NDexed.DataAccess.Tests", "NDexed.DataAccess.Tests\NDexed.DataAccess.Tests.csproj", "{09F3505C-8E09-4F4D-B060-F24D6B9A057D}"
EndProject
Project("{FAE04EC0-301F-11D3-BF4B-00C04F79EFBC}") = "NDexed.AWS", "NDexed.AWS\NDexed.AWS.csproj", "{10BA4A89-38A0-4D1A-AD91-2886A2481649}"
EndProject
Project("{2150E333-8FDC-42A3-9474-1A3956D46DE8}") = "Libraries", "Libraries", "{7A0256BD-DCC2-4F96-BF0C-9D6F2CBDF9F8}"
EndProject
Project("{2150E333-8FDC-42A3-9474-1A3956D46DE8}") = "Services", "Services", "{E35EF758-17BA-4BDA-A432-634B3A7E2278}"
EndProject
Project("{2150E333-8FDC-42A3-9474-1A3956D46DE8}") = ".nuget", ".nuget", "{A0834090-FFC6-4038-9DAB-1AD79A232248}"
	ProjectSection(SolutionItems) = preProject
		.nuget\NuGet.Config = .nuget\NuGet.Config
		.nuget\NuGet.exe = .nuget\NuGet.exe
		.nuget\NuGet.targets = .nuget\NuGet.targets
	EndProjectSection
EndProject
Project("{FAE04EC0-301F-11D3-BF4B-00C04F79EFBC}") = "NDexed.Security", "NDexed.Security\NDexed.Security.csproj", "{0F1CA494-CDF0-4B98-95CD-3193816E5085}"
EndProject
Project("{FAE04EC0-301F-11D3-BF4B-00C04F79EFBC}") = "NDexed.Messaging.Tests", "NDexed.Messaging.Tests\NDexed.Messaging.Tests.csproj", "{5EB96C89-066D-4639-8EC4-1D3C44A1037B}"
EndProject
Project("{FAE04EC0-301F-11D3-BF4B-00C04F79EFBC}") = "NDexed.Payments", "NDexed.Payments\NDexed.Payments.csproj", "{59604C88-1692-4B7E-98AF-E98051E23F19}"
EndProject
Project("{FAE04EC0-301F-11D3-BF4B-00C04F79EFBC}") = "NDexed.Payments.Tests", "NDexed.Payments.Tests\NDexed.Payments.Tests.csproj", "{B29EB16C-635B-40F1-A2DA-6C9A0F484492}"
EndProject
Project("{FAE04EC0-301F-11D3-BF4B-00C04F79EFBC}") = "NDexed.Payments.Stripe", "NDexed.Payments.Stripe\NDexed.Payments.Stripe.csproj", "{FE5564F8-1940-4F67-84BE-99C0CC92EFB7}"
EndProject
Project("{FAE04EC0-301F-11D3-BF4B-00C04F79EFBC}") = "NDexed.Security.Tests", "NDexed.Security.Tests\NDexed.Security.Tests.csproj", "{1803948E-58A6-43B9-BAED-18A9B0228B74}"
EndProject
Global
	GlobalSection(SolutionConfigurationPlatforms) = preSolution
		Debug|Any CPU = Debug|Any CPU
		Release|Any CPU = Release|Any CPU
	EndGlobalSection
	GlobalSection(ProjectConfigurationPlatforms) = postSolution
		{1619D0B4-5540-4604-A333-BF23BFC0A94D}.Debug|Any CPU.ActiveCfg = Debug|Any CPU
		{1619D0B4-5540-4604-A333-BF23BFC0A94D}.Debug|Any CPU.Build.0 = Debug|Any CPU
		{1619D0B4-5540-4604-A333-BF23BFC0A94D}.Release|Any CPU.ActiveCfg = Release|Any CPU
		{1619D0B4-5540-4604-A333-BF23BFC0A94D}.Release|Any CPU.Build.0 = Release|Any CPU
		{FD4E874F-6418-4F8C-A17D-9635750F6636}.Debug|Any CPU.ActiveCfg = Debug|Any CPU
		{FD4E874F-6418-4F8C-A17D-9635750F6636}.Debug|Any CPU.Build.0 = Debug|Any CPU
		{FD4E874F-6418-4F8C-A17D-9635750F6636}.Release|Any CPU.ActiveCfg = Release|Any CPU
		{FD4E874F-6418-4F8C-A17D-9635750F6636}.Release|Any CPU.Build.0 = Release|Any CPU
		{155256D9-2388-45A2-BF14-98F0A92EC98F}.Debug|Any CPU.ActiveCfg = Debug|Any CPU
		{155256D9-2388-45A2-BF14-98F0A92EC98F}.Debug|Any CPU.Build.0 = Debug|Any CPU
		{155256D9-2388-45A2-BF14-98F0A92EC98F}.Release|Any CPU.ActiveCfg = Release|Any CPU
		{155256D9-2388-45A2-BF14-98F0A92EC98F}.Release|Any CPU.Build.0 = Release|Any CPU
		{EE910574-C3A6-499E-B104-9933AB6D55BB}.Debug|Any CPU.ActiveCfg = Debug|Any CPU
		{EE910574-C3A6-499E-B104-9933AB6D55BB}.Debug|Any CPU.Build.0 = Debug|Any CPU
		{EE910574-C3A6-499E-B104-9933AB6D55BB}.Release|Any CPU.ActiveCfg = Release|Any CPU
		{EE910574-C3A6-499E-B104-9933AB6D55BB}.Release|Any CPU.Build.0 = Release|Any CPU
		{09F3505C-8E09-4F4D-B060-F24D6B9A057D}.Debug|Any CPU.ActiveCfg = Debug|Any CPU
		{09F3505C-8E09-4F4D-B060-F24D6B9A057D}.Debug|Any CPU.Build.0 = Debug|Any CPU
		{09F3505C-8E09-4F4D-B060-F24D6B9A057D}.Release|Any CPU.ActiveCfg = Release|Any CPU
		{09F3505C-8E09-4F4D-B060-F24D6B9A057D}.Release|Any CPU.Build.0 = Release|Any CPU
		{10BA4A89-38A0-4D1A-AD91-2886A2481649}.Debug|Any CPU.ActiveCfg = Debug|Any CPU
		{10BA4A89-38A0-4D1A-AD91-2886A2481649}.Debug|Any CPU.Build.0 = Debug|Any CPU
		{10BA4A89-38A0-4D1A-AD91-2886A2481649}.Release|Any CPU.ActiveCfg = Release|Any CPU
		{10BA4A89-38A0-4D1A-AD91-2886A2481649}.Release|Any CPU.Build.0 = Release|Any CPU
		{0F1CA494-CDF0-4B98-95CD-3193816E5085}.Debug|Any CPU.ActiveCfg = Debug|Any CPU
		{0F1CA494-CDF0-4B98-95CD-3193816E5085}.Debug|Any CPU.Build.0 = Debug|Any CPU
		{0F1CA494-CDF0-4B98-95CD-3193816E5085}.Release|Any CPU.ActiveCfg = Release|Any CPU
		{0F1CA494-CDF0-4B98-95CD-3193816E5085}.Release|Any CPU.Build.0 = Release|Any CPU
		{5EB96C89-066D-4639-8EC4-1D3C44A1037B}.Debug|Any CPU.ActiveCfg = Debug|Any CPU
		{5EB96C89-066D-4639-8EC4-1D3C44A1037B}.Debug|Any CPU.Build.0 = Debug|Any CPU
		{5EB96C89-066D-4639-8EC4-1D3C44A1037B}.Release|Any CPU.ActiveCfg = Release|Any CPU
		{5EB96C89-066D-4639-8EC4-1D3C44A1037B}.Release|Any CPU.Build.0 = Release|Any CPU
		{59604C88-1692-4B7E-98AF-E98051E23F19}.Debug|Any CPU.ActiveCfg = Debug|Any CPU
		{59604C88-1692-4B7E-98AF-E98051E23F19}.Debug|Any CPU.Build.0 = Debug|Any CPU
		{59604C88-1692-4B7E-98AF-E98051E23F19}.Release|Any CPU.ActiveCfg = Release|Any CPU
		{59604C88-1692-4B7E-98AF-E98051E23F19}.Release|Any CPU.Build.0 = Release|Any CPU
		{B29EB16C-635B-40F1-A2DA-6C9A0F484492}.Debug|Any CPU.ActiveCfg = Debug|Any CPU
		{B29EB16C-635B-40F1-A2DA-6C9A0F484492}.Debug|Any CPU.Build.0 = Debug|Any CPU
		{B29EB16C-635B-40F1-A2DA-6C9A0F484492}.Release|Any CPU.ActiveCfg = Release|Any CPU
		{B29EB16C-635B-40F1-A2DA-6C9A0F484492}.Release|Any CPU.Build.0 = Release|Any CPU
		{FE5564F8-1940-4F67-84BE-99C0CC92EFB7}.Debug|Any CPU.ActiveCfg = Debug|Any CPU
		{FE5564F8-1940-4F67-84BE-99C0CC92EFB7}.Debug|Any CPU.Build.0 = Debug|Any CPU
		{FE5564F8-1940-4F67-84BE-99C0CC92EFB7}.Release|Any CPU.ActiveCfg = Release|Any CPU
		{FE5564F8-1940-4F67-84BE-99C0CC92EFB7}.Release|Any CPU.Build.0 = Release|Any CPU
		{1803948E-58A6-43B9-BAED-18A9B0228B74}.Debug|Any CPU.ActiveCfg = Debug|Any CPU
		{1803948E-58A6-43B9-BAED-18A9B0228B74}.Debug|Any CPU.Build.0 = Debug|Any CPU
		{1803948E-58A6-43B9-BAED-18A9B0228B74}.Release|Any CPU.ActiveCfg = Release|Any CPU
		{1803948E-58A6-43B9-BAED-18A9B0228B74}.Release|Any CPU.Build.0 = Release|Any CPU
	EndGlobalSection
	GlobalSection(SolutionProperties) = preSolution
		HideSolutionNode = FALSE
	EndGlobalSection
	GlobalSection(NestedProjects) = preSolution
		{FD4E874F-6418-4F8C-A17D-9635750F6636} = {7A0256BD-DCC2-4F96-BF0C-9D6F2CBDF9F8}
		{EE910574-C3A6-499E-B104-9933AB6D55BB} = {7A0256BD-DCC2-4F96-BF0C-9D6F2CBDF9F8}
		{10BA4A89-38A0-4D1A-AD91-2886A2481649} = {7A0256BD-DCC2-4F96-BF0C-9D6F2CBDF9F8}
		{1619D0B4-5540-4604-A333-BF23BFC0A94D} = {7A0256BD-DCC2-4F96-BF0C-9D6F2CBDF9F8}
		{0F1CA494-CDF0-4B98-95CD-3193816E5085} = {7A0256BD-DCC2-4F96-BF0C-9D6F2CBDF9F8}
		{59604C88-1692-4B7E-98AF-E98051E23F19} = {7A0256BD-DCC2-4F96-BF0C-9D6F2CBDF9F8}
		{FE5564F8-1940-4F67-84BE-99C0CC92EFB7} = {7A0256BD-DCC2-4F96-BF0C-9D6F2CBDF9F8}
		{155256D9-2388-45A2-BF14-98F0A92EC98F} = {E35EF758-17BA-4BDA-A432-634B3A7E2278}
		{09F3505C-8E09-4F4D-B060-F24D6B9A057D} = {A280B551-7F11-436F-91BD-69704A338C1C}
		{5EB96C89-066D-4639-8EC4-1D3C44A1037B} = {A280B551-7F11-436F-91BD-69704A338C1C}
		{B29EB16C-635B-40F1-A2DA-6C9A0F484492} = {A280B551-7F11-436F-91BD-69704A338C1C}
		{1803948E-58A6-43B9-BAED-18A9B0228B74} = {A280B551-7F11-436F-91BD-69704A338C1C}
	EndGlobalSection
EndGlobal
